
Microsoft Visual Studio Solution File, Format Version 12.00
# Visual Studio Version 16
VisualStudioVersion = 16.0.30717.126
MinimumVisualStudioVersion = 10.0.40219.1
Project("{FAE04EC0-301F-11D3-BF4B-00C04F79EFBC}") = "CompaniesAndEmployees", "CompaniesAndEmployees\CompaniesAndEmployees.csproj", "{AC1E5B52-ACDA-4BAF-854F-58C460EE5EDE}"
EndProject
Global
	GlobalSection(SolutionConfigurationPlatforms) = preSolution
		Debug|Any CPU = Debug|Any CPU
		Release|Any CPU = Release|Any CPU
	EndGlobalSection
	GlobalSection(ProjectConfigurationPlatforms) = postSolution
		{AC1E5B52-ACDA-4BAF-854F-58C460EE5EDE}.Debug|Any CPU.ActiveCfg = Debug|Any CPU
		{AC1E5B52-ACDA-4BAF-854F-58C460EE5EDE}.Debug|Any CPU.Build.0 = Debug|Any CPU
		{AC1E5B52-ACDA-4BAF-854F-58C460EE5EDE}.Release|Any CPU.ActiveCfg = Release|Any CPU
		{AC1E5B52-ACDA-4BAF-854F-58C460EE5EDE}.Release|Any CPU.Build.0 = Release|Any CPU
	EndGlobalSection
	GlobalSection(SolutionProperties) = preSolution
		HideSolutionNode = FALSE
	EndGlobalSection
	GlobalSection(ExtensibilityGlobals) = postSolution
		SolutionGuid = {66C63E43-6F01-486C-BBCC-E5F1B93A7C81}
	EndGlobalSection
EndGlobal
